# This file is automatically @generated by Poetry 2.1.4 and should not be changed by hand.

[[package]]
name = "xlsxwriter"
version = "3.2.5"
description = "A Python module for creating Excel XLSX files."
optional = false
python-versions = ">=3.8"
groups = ["main"]
files = [
    {file = "xlsxwriter-3.2.5-py3-none-any.whl", hash = "sha256:4f4824234e1eaf9d95df9a8fe974585ff91d0f5e3d3f12ace5b71e443c1c6abd"},
    {file = "xlsxwriter-3.2.5.tar.gz", hash = "sha256:7e88469d607cdc920151c0ab3ce9cf1a83992d4b7bc730c5ffdd1a12115a7dbe"},
]

[metadata]
lock-version = "2.1"
python-versions = "^3.13"
content-hash = "8380013f4398837528000eaa96be85cfa41c0720f338c1a8d6741a70a3bf2bf5"
